// !$*UTF8*$!
{
	archiveVersion = 1;
	classes = {
	};
	objectVersion = 50;
	objects = {

/* Begin PBXBuildFile section */
		34519F9D2CB5E5B9001917AE /* AppDelegate.swift in Sources */ = {isa = PBXBuildFile; fileRef = 34519F9C2CB5E5B9001917AE /* AppDelegate.swift */; };
		34519F9F2CB5E5B9001917AE /* SceneDelegate.swift in Sources */ = {isa = PBXBuildFile; fileRef = 34519F9E2CB5E5B9001917AE /* SceneDelegate.swift */; };
		34519FA12CB5E5B9001917AE /* ViewController.swift in Sources */ = {isa = PBXBuildFile; fileRef = 34519FA02CB5E5B9001917AE /* ViewController.swift */; };
		34519FA42CB5E5B9001917AE /* Main.storyboard in Resources */ = {isa = PBXBuildFile; fileRef = 34519FA22CB5E5B9001917AE /* Main.storyboard */; };
		34519FA72CB5E5B9001917AE /* OrtizSoundBoard.xcdatamodeld in Sources */ = {isa = PBXBuildFile; fileRef = 34519FA52CB5E5B9001917AE /* OrtizSoundBoard.xcdatamodeld */; };
		34519FA92CB5E5BA001917AE /* Assets.xcassets in Resources */ = {isa = PBXBuildFile; fileRef = 34519FA82CB5E5BA001917AE /* Assets.xcassets */; };
		34519FAC2CB5E5BA001917AE /* LaunchScreen.storyboard in Resources */ = {isa = PBXBuildFile; fileRef = 34519FAA2CB5E5BA001917AE /* LaunchScreen.storyboard */; };
/* End PBXBuildFile section */

/* Begin PBXFileReference section */
		34519F992CB5E5B9001917AE /* OrtizSoundBoard.app */ = {isa = PBXFileReference; explicitFileType = wrapper.application; includeInIndex = 0; path = OrtizSoundBoard.app; sourceTree = BUILT_PRODUCTS_DIR; };
		34519F9C2CB5E5B9001917AE /* AppDelegate.swift */ = {isa = PBXFileReference; lastKnownFileType = sourcecode.swift; path = AppDelegate.swift; sourceTree = "<group>"; };
		34519F9E2CB5E5B9001917AE /* SceneDelegate.swift */ = {isa = PBXFileReference; lastKnownFileType = sourcecode.swift; path = SceneDelegate.swift; sourceTree = "<group>"; };
		34519FA02CB5E5B9001917AE /* ViewController.swift */ = {isa = PBXFileReference; lastKnownFileType = sourcecode.swift; path = ViewController.swift; sourceTree = "<group>"; };
		34519FA32CB5E5B9001917AE /* Base */ = {isa = PBXFileReference; lastKnownFileType = file.storyboard; name = Base; path = Base.lproj/Main.storyboard; sourceTree = "<group>"; };
		34519FA62CB5E5B9001917AE /* OrtizSoundBoard.xcdatamodel */ = {isa = PBXFileReference; lastKnownFileType = wrapper.xcdatamodel; path = OrtizSoundBoard.xcdatamodel; sourceTree = "<group>"; };
		34519FA82CB5E5BA001917AE /* Assets.xcassets */ = {isa = PBXFileReference; lastKnownFileType = folder.assetcatalog; path = Assets.xcassets; sourceTree = "<group>"; };
		34519FAB2CB5E5BA001917AE /* Base */ = {isa = PBXFileReference; lastKnownFileType = file.storyboard; name = Base; path = Base.lproj/LaunchScreen.storyboard; sourceTree = "<group>"; };
		34519FAD2CB5E5BA001917AE /* Info.plist */ = {isa = PBXFileReference; lastKnownFileType = text.plist.xml; path = Info.plist; sourceTree = "<group>"; };
/* End PBXFileReference section */

/* Begin PBXFrameworksBuildPhase section */
		34519F962CB5E5B9001917AE /* Frameworks */ = {
			isa = PBXFrameworksBuildPhase;
			buildActionMask = 2147483647;
			files = (
			);
			runOnlyForDeploymentPostprocessing = 0;
		};
/* End PBXFrameworksBuildPhase section */

/* Begin PBXGroup section */
		34519F902CB5E5B9001917AE = {
			isa = PBXGroup;
			children = (
				34519F9B2CB5E5B9001917AE /* OrtizSoundBoard */,
				34519F9A2CB5E5B9001917AE /* Products */,
			);
			sourceTree = "<group>";
		};
		34519F9A2CB5E5B9001917AE /* Products */ = {
			isa = PBXGroup;
			children = (
				34519F992CB5E5B9001917AE /* OrtizSoundBoard.app */,
			);
			name = Products;
			sourceTree = "<group>";
		};
		34519F9B2CB5E5B9001917AE /* OrtizSoundBoard */ = {
			isa = PBXGroup;
			children = (
				34519F9C2CB5E5B9001917AE /* AppDelegate.swift */,
				34519F9E2CB5E5B9001917AE /* SceneDelegate.swift */,
				34519FA02CB5E5B9001917AE /* ViewController.swift */,
				34519FA22CB5E5B9001917AE /* Main.storyboard */,
				34519FA82CB5E5BA001917AE /* Assets.xcassets */,
				34519FAA2CB5E5BA001917AE /* LaunchScreen.storyboard */,
				34519FAD2CB5E5BA001917AE /* Info.plist */,
				34519FA52CB5E5B9001917AE /* OrtizSoundBoard.xcdatamodeld */,
			);
			path = OrtizSoundBoard;
			sourceTree = "<group>";
		};
/* End PBXGroup section */

/* Begin PBXNativeTarget section */
		34519F982CB5E5B9001917AE /* OrtizSoundBoard */ = {
			isa = PBXNativeTarget;
			buildConfigurationList = 34519FB02CB5E5BA001917AE /* Build configuration list for PBXNativeTarget "OrtizSoundBoard" */;
			buildPhases = (
				34519F952CB5E5B9001917AE /* Sources */,
				34519F962CB5E5B9001917AE /* Frameworks */,
				34519F972CB5E5B9001917AE /* Resources */,
			);
			buildRules = (
			);
			dependencies = (
			);
			name = OrtizSoundBoard;
			productName = OrtizSoundBoard;
			productReference = 34519F992CB5E5B9001917AE /* OrtizSoundBoard.app */;
			productType = "com.apple.product-type.application";
		};
/* End PBXNativeTarget section */

/* Begin PBXProject section */
		34519F912CB5E5B9001917AE /* Project object */ = {
			isa = PBXProject;
			attributes = {
				LastSwiftUpdateCheck = 1250;
				LastUpgradeCheck = 1250;
				TargetAttributes = {
					34519F982CB5E5B9001917AE = {
						CreatedOnToolsVersion = 12.5;
					};
				};
			};
			buildConfigurationList = 34519F942CB5E5B9001917AE /* Build configuration list for PBXProject "OrtizSoundBoard" */;
			compatibilityVersion = "Xcode 9.3";
			developmentRegion = en;
			hasScannedForEncodings = 0;
			knownRegions = (
				en,
				Base,
			);
			mainGroup = 34519F902CB5E5B9001917AE;
			productRefGroup = 34519F9A2CB5E5B9001917AE /* Products */;
			projectDirPath = "";
			projectRoot = "";
			targets = (
				34519F982CB5E5B9001917AE /* OrtizSoundBoard */,
			);
		};
/* End PBXProject section */

/* Begin PBXResourcesBuildPhase section */
		34519F972CB5E5B9001917AE /* Resources */ = {
			isa = PBXResourcesBuildPhase;
			buildActionMask = 2147483647;
			files = (
				34519FAC2CB5E5BA001917AE /* LaunchScreen.storyboard in Resources */,
				34519FA92CB5E5BA001917AE /* Assets.xcassets in Resources */,
				34519FA42CB5E5B9001917AE /* Main.storyboard in Resources */,
			);
			runOnlyForDeploymentPostprocessing = 0;
		};
/* End PBXResourcesBuildPhase section */

/* Begin PBXSourcesBuildPhase section */
		34519F952CB5E5B9001917AE /* Sources */ = {
			isa = PBXSourcesBuildPhase;
			buildActionMask = 2147483647;
			files = (
				34519FA12CB5E5B9001917AE /* ViewController.swift in Sources */,
				34519FA72CB5E5B9001917AE /* OrtizSoundBoard.xcdatamodeld in Sources */,
				34519F9D2CB5E5B9001917AE /* AppDelegate.swift in Sources */,
				34519F9F2CB5E5B9001917AE /* SceneDelegate.swift in Sources */,
			);
			runOnlyForDeploymentPostprocessing = 0;
		};
/* End PBXSourcesBuildPhase section */

/* Begin PBXVariantGroup section */
		34519FA22CB5E5B9001917AE /* Main.storyboard */ = {
			isa = PBXVariantGroup;
			children = (
				34519FA32CB5E5B9001917AE /* Base */,
			);
			name = Main.storyboard;
			sourceTree = "<group>";
		};
		34519FAA2CB5E5BA001917AE /* LaunchScreen.storyboard */ = {
			isa = PBXVariantGroup;
			children = (
				34519FAB2CB5E5BA001917AE /* Base */,
			);
			name = LaunchScreen.storyboard;
			sourceTree = "<group>";
		};
/* End PBXVariantGroup section */

/* Begin XCBuildConfiguration section */
		34519FAE2CB5E5BA001917AE /* Debug */ = {
			isa = XCBuildConfiguration;
			buildSettings = {
				ALWAYS_SEARCH_USER_PATHS = NO;
				CLANG_ANALYZER_NONNULL = YES;
				CLANG_ANALYZER_NUMBER_OBJECT_CONVERSION = YES_AGGRESSIVE;
				CLANG_CXX_LANGUAGE_STANDARD = "gnu++14";
				CLANG_CXX_LIBRARY = "libc++";
				CLANG_ENABLE_MODULES = YES;
				CLANG_ENABLE_OBJC_ARC = YES;
				CLANG_ENABLE_OBJC_WEAK = YES;
				CLANG_WARN_BLOCK_CAPTURE_AUTORELEASING = YES;
				CLANG_WARN_BOOL_CONVERSION = YES;
				CLANG_WARN_COMMA = YES;
				CLANG_WARN_CONSTANT_CONVERSION = YES;
				CLANG_WARN_DEPRECATED_OBJC_IMPLEMENTATIONS = YES;
				CLANG_WARN_DIRECT_OBJC_ISA_USAGE = YES_ERROR;
				CLANG_WARN_DOCUMENTATION_COMMENTS = YES;
				CLANG_WARN_EMPTY_BODY = YES;
				CLANG_WARN_ENUM_CONVERSION = YES;
				CLANG_WARN_INFINITE_RECURSION = YES;
				CLANG_WARN_INT_CONVERSION = YES;
				CLANG_WARN_NON_LITERAL_NULL_CONVERSION = YES;
				CLANG_WARN_OBJC_IMPLICIT_RETAIN_SELF = YES;
				CLANG_WARN_OBJC_LITERAL_CONVERSION = YES;
				CLANG_WARN_OBJC_ROOT_CLASS = YES_ERROR;
				CLANG_WARN_QUOTED_INCLUDE_IN_FRAMEWORK_HEADER = YES;
				CLANG_WARN_RANGE_LOOP_ANALYSIS = YES;
				CLANG_WARN_STRICT_PROTOTYPES = YES;
				CLANG_WARN_SUSPICIOUS_MOVE = YES;
				CLANG_WARN_UNGUARDED_AVAILABILITY = YES_AGGRESSIVE;
				CLANG_WARN_UNREACHABLE_CODE = YES;
				CLANG_WARN__DUPLICATE_METHOD_MATCH = YES;
				COPY_PHASE_STRIP = NO;
				DEBUG_INFORMATION_FORMAT = dwarf;
				ENABLE_STRICT_OBJC_MSGSEND = YES;
				ENABLE_TESTABILITY = YES;
				GCC_C_LANGUAGE_STANDARD = gnu11;
				GCC_DYNAMIC_NO_PIC = NO;
				GCC_NO_COMMON_BLOCKS = YES;
				GCC_OPTIMIZATION_LEVEL = 0;
				GCC_PREPROCESSOR_DEFINITIONS = (
					"DEBUG=1",
					"$(inherited)",
				);
				GCC_WARN_64_TO_32_BIT_CONVERSION = YES;
				GCC_WARN_ABOUT_RETURN_TYPE = YES_ERROR;
				GCC_WARN_UNDECLARED_SELECTOR = YES;
				GCC_WARN_UNINITIALIZED_AUTOS = YES_AGGRESSIVE;
				GCC_WARN_UNUSED_FUNCTION = YES;
				GCC_WARN_UNUSED_VARIABLE = YES;
				IPHONEOS_DEPLOYMENT_TARGET = 14.5;
				MTL_ENABLE_DEBUG_INFO = INCLUDE_SOURCE;
				MTL_FAST_MATH = YES;
				ONLY_ACTIVE_ARCH = YES;
				SDKROOT = iphoneos;
				SWIFT_ACTIVE_COMPILATION_CONDITIONS = DEBUG;
				SWIFT_OPTIMIZATION_LEVEL = "-Onone";
			};
			name = Debug;
		};
		34519FAF2CB5E5BA001917AE /* Release */ = {
			isa = XCBuildConfiguration;
			buildSettings = {
				ALWAYS_SEARCH_USER_PATHS = NO;
				CLANG_ANALYZER_NONNULL = YES;
				CLANG_ANALYZER_NUMBER_OBJECT_CONVERSION = YES_AGGRESSIVE;
				CLANG_CXX_LANGUAGE_STANDARD = "gnu++14";
				CLANG_CXX_LIBRARY = "libc++";
				CLANG_ENABLE_MODULES = YES;
				CLANG_ENABLE_OBJC_ARC = YES;
				CLANG_ENABLE_OBJC_WEAK = YES;
				CLANG_WARN_BLOCK_CAPTURE_AUTORELEASING = YES;
				CLANG_WARN_BOOL_CONVERSION = YES;
				CLANG_WARN_COMMA = YES;
				CLANG_WARN_CONSTANT_CONVERSION = YES;
				CLANG_WARN_DEPRECATED_OBJC_IMPLEMENTATIONS = YES;
				CLANG_WARN_DIRECT_OBJC_ISA_USAGE = YES_ERROR;
				CLANG_WARN_DOCUMENTATION_COMMENTS = YES;
				CLANG_WARN_EMPTY_BODY = YES;
				CLANG_WARN_ENUM_CONVERSION = YES;
				CLANG_WARN_INFINITE_RECURSION = YES;
				CLANG_WARN_INT_CONVERSION = YES;
				CLANG_WARN_NON_LITERAL_NULL_CONVERSION = YES;
				CLANG_WARN_OBJC_IMPLICIT_RETAIN_SELF = YES;
				CLANG_WARN_OBJC_LITERAL_CONVERSION = YES;
				CLANG_WARN_OBJC_ROOT_CLASS = YES_ERROR;
				CLANG_WARN_QUOTED_INCLUDE_IN_FRAMEWORK_HEADER = YES;
				CLANG_WARN_RANGE_LOOP_ANALYSIS = YES;
				CLANG_WARN_STRICT_PROTOTYPES = YES;
				CLANG_WARN_SUSPICIOUS_MOVE = YES;
				CLANG_WARN_UNGUARDED_AVAILABILITY = YES_AGGRESSIVE;
				CLANG_WARN_UNREACHABLE_CODE = YES;
				CLANG_WARN__DUPLICATE_METHOD_MATCH = YES;
				COPY_PHASE_STRIP = NO;
				DEBUG_INFORMATION_FORMAT = "dwarf-with-dsym";
				ENABLE_NS_ASSERTIONS = NO;
				ENABLE_STRICT_OBJC_MSGSEND = YES;
				GCC_C_LANGUAGE_STANDARD = gnu11;
				GCC_NO_COMMON_BLOCKS = YES;
				GCC_WARN_64_TO_32_BIT_CONVERSION = YES;
				GCC_WARN_ABOUT_RETURN_TYPE = YES_ERROR;
				GCC_WARN_UNDECLARED_SELECTOR = YES;
				GCC_WARN_UNINITIALIZED_AUTOS = YES_AGGRESSIVE;
				GCC_WARN_UNUSED_FUNCTION = YES;
				GCC_WARN_UNUSED_VARIABLE = YES;
				IPHONEOS_DEPLOYMENT_TARGET = 14.5;
				MTL_ENABLE_DEBUG_INFO = NO;
				MTL_FAST_MATH = YES;
				SDKROOT = iphoneos;
				SWIFT_COMPILATION_MODE = wholemodule;
				SWIFT_OPTIMIZATION_LEVEL = "-O";
				VALIDATE_PRODUCT = YES;
			};
			name = Release;
		};
		34519FB12CB5E5BA001917AE /* Debug */ = {
			isa = XCBuildConfiguration;
			buildSettings = {
				ASSETCATALOG_COMPILER_APPICON_NAME = AppIcon;
				ASSETCATALOG_COMPILER_GLOBAL_ACCENT_COLOR_NAME = AccentColor;
				CODE_SIGN_STYLE = Automatic;
				INFOPLIST_FILE = OrtizSoundBoard/Info.plist;
				LD_RUNPATH_SEARCH_PATHS = (
					"$(inherited)",
					"@executable_path/Frameworks",
				);
				PRODUCT_BUNDLE_IDENTIFIER = com.miempresa.OrtizSoundBoard;
				PRODUCT_NAME = "$(TARGET_NAME)";
				SWIFT_VERSION = 5.0;
				TARGETED_DEVICE_FAMILY = "1,2";
			};
			name = Debug;
		};
		34519FB22CB5E5BA001917AE /* Release */ = {
			isa = XCBuildConfiguration;
			buildSettings = {
				ASSETCATALOG_COMPILER_APPICON_NAME = AppIcon;
				ASSETCATALOG_COMPILER_GLOBAL_ACCENT_COLOR_NAME = AccentColor;
				CODE_SIGN_STYLE = Automatic;
				INFOPLIST_FILE = OrtizSoundBoard/Info.plist;
				LD_RUNPATH_SEARCH_PATHS = (
					"$(inherited)",
					"@executable_path/Frameworks",
				);
				PRODUCT_BUNDLE_IDENTIFIER = com.miempresa.OrtizSoundBoard;
				PRODUCT_NAME = "$(TARGET_NAME)";
				SWIFT_VERSION = 5.0;
				TARGETED_DEVICE_FAMILY = "1,2";
			};
			name = Release;
		};
/* End XCBuildConfiguration section */

/* Begin XCConfigurationList section */
		34519F942CB5E5B9001917AE /* Build configuration list for PBXProject "OrtizSoundBoard" */ = {
			isa = XCConfigurationList;
			buildConfigurations = (
				34519FAE2CB5E5BA001917AE /* Debug */,
				34519FAF2CB5E5BA001917AE /* Release */,
			);
			defaultConfigurationIsVisible = 0;
			defaultConfigurationName = Release;
		};
		34519FB02CB5E5BA001917AE /* Build configuration list for PBXNativeTarget "OrtizSoundBoard" */ = {
			isa = XCConfigurationList;
			buildConfigurations = (
				34519FB12CB5E5BA001917AE /* Debug */,
				34519FB22CB5E5BA001917AE /* Release */,
			);
			defaultConfigurationIsVisible = 0;
			defaultConfigurationName = Release;
		};
/* End XCConfigurationList section */

/* Begin XCVersionGroup section */
		34519FA52CB5E5B9001917AE /* OrtizSoundBoard.xcdatamodeld */ = {
			isa = XCVersionGroup;
			children = (
				34519FA62CB5E5B9001917AE /* OrtizSoundBoard.xcdatamodel */,
			);
			currentVersion = 34519FA62CB5E5B9001917AE /* OrtizSoundBoard.xcdatamodel */;
			path = OrtizSoundBoard.xcdatamodeld;
			sourceTree = "<group>";
			versionGroupType = wrapper.xcdatamodel;
		};
/* End XCVersionGroup section */
	};
	rootObject = 34519F912CB5E5B9001917AE /* Project object */;
}
